{
  "requires": true,
  "lockfileVersion": 1,
  "dependencies": {
    "@aws/dynamodb-auto-marshaller": {
      "version": "0.7.1",
      "resolved": "https://registry.npmjs.org/@aws/dynamodb-auto-marshaller/-/dynamodb-auto-marshaller-0.7.1.tgz",
      "integrity": "sha512-LeURlf6/avrfFo9+4Yht9J3CUTJ72yoBpm1FOUmlexuHNW4Ka61tG30w3ZDCXXXmCO2rG0k3ywAgNJEo3WPbyw==",
      "requires": {
        "tslib": "^1.8.1"
      }
    },
    "@aws/dynamodb-batch-iterator": {
      "version": "0.7.1",
      "resolved": "https://registry.npmjs.org/@aws/dynamodb-batch-iterator/-/dynamodb-batch-iterator-0.7.1.tgz",
      "integrity": "sha512-SdwBFnjN+ncIl+MOogTeEh1/C6O0jAcqD5YA3AujcH5JPWiMescKAefO4VQbgR0Q9ohcYcMnwL3q6mCdUpyJ9w==",
      "requires": {
        "tslib": "^1.8.1",
        "utf8-bytes": "^0.0.1"
      }
    },
    "@aws/dynamodb-data-mapper": {
      "version": "0.7.3",
      "resolved": "https://registry.npmjs.org/@aws/dynamodb-data-mapper/-/dynamodb-data-mapper-0.7.3.tgz",
      "integrity": "sha512-2DYHoF2jvO7L2TfwfJoTfdJz0M6qSVJ0wM0zQ97ehrTyVSz/yWDO3GqMA9jsUqf0fZl3CIItHBhiXdddsH5cpA==",
      "requires": {
        "@aws/dynamodb-auto-marshaller": "^0.7.1",
        "@aws/dynamodb-batch-iterator": "^0.7.1",
        "@aws/dynamodb-data-marshaller": "^0.7.3",
        "@aws/dynamodb-expressions": "^0.7.3",
        "@aws/dynamodb-query-iterator": "^0.7.1",
        "tslib": "^1.8.1"
      }
    },
    "@aws/dynamodb-data-mapper-annotations": {
      "version": "0.7.3",
      "resolved": "https://registry.npmjs.org/@aws/dynamodb-data-mapper-annotations/-/dynamodb-data-mapper-annotations-0.7.3.tgz",
      "integrity": "sha512-RROw+6EIJd0bJsl/76wxfvDkv/irY9pfpp/VRlmEIVixKW2UtMqpni+Hs0XuBRtmGKGfFrWB2WGYiikSnfv4FA==",
      "requires": {
        "@aws/dynamodb-auto-marshaller": "^0.7.1",
        "@aws/dynamodb-data-mapper": "^0.7.3",
        "@aws/dynamodb-data-marshaller": "^0.7.3",
        "reflect-metadata": "^0.1.10",
        "tslib": "^1.8.1",
        "uuid": "^3.0.0"
      }
    },
    "@aws/dynamodb-data-marshaller": {
      "version": "0.7.3",
      "resolved": "https://registry.npmjs.org/@aws/dynamodb-data-marshaller/-/dynamodb-data-marshaller-0.7.3.tgz",
      "integrity": "sha512-ea9PR19J2uY7lNSUo2bEcbfI8GiD0n66dISoBHZFrHjgCO2ao2P6UlyG/k0EMhr2zNzTWYNd08VYgTSYz5GBAA==",
      "requires": {
        "@aws/dynamodb-auto-marshaller": "^0.7.1",
        "@aws/dynamodb-expressions": "^0.7.3",
        "tslib": "^1.8.1",
        "utf8-bytes": "^0.0.1"
      }
    },
    "@aws/dynamodb-expressions": {
      "version": "0.7.3",
      "resolved": "https://registry.npmjs.org/@aws/dynamodb-expressions/-/dynamodb-expressions-0.7.3.tgz",
      "integrity": "sha512-63vaCyNKmO8BE/JWlQ3DSFG+qCAWgO5MGif31E5CPdWKaBt5yBG5qnh5w5oFelKRK6/1M6cYKl/Yui08wimUig==",
      "requires": {
        "@aws/dynamodb-auto-marshaller": "^0.7.1",
        "tslib": "^1.8.1"
      }
    },
    "@aws/dynamodb-query-iterator": {
      "version": "0.7.1",
      "resolved": "https://registry.npmjs.org/@aws/dynamodb-query-iterator/-/dynamodb-query-iterator-0.7.1.tgz",
      "integrity": "sha512-x28lcgj2HDadxszYEwQjAJyGMrdy3aznLM2TSEeQxqCxKzFT1qewmKxgWSMslH+CiLuuqs9H1FaIwvP15b6UHQ==",
      "requires": {
        "tslib": "^1.8.1"
      }
    },
    "reflect-metadata": {
      "version": "0.1.13",
      "resolved": "https://registry.npmjs.org/reflect-metadata/-/reflect-metadata-0.1.13.tgz",
      "integrity": "sha512-Ts1Y/anZELhSsjMcU605fU9RE4Oi3p5ORujwbIKXfWa+0Zxs510Qrmrce5/Jowq3cHSZSJqBjypxmHarc+vEWg=="
    },
    "tslib": {
      "version": "1.14.1",
      "resolved": "https://registry.npmjs.org/tslib/-/tslib-1.14.1.tgz",
      "integrity": "sha512-Xni35NKzjgMrwevysHTCArtLDpPvye8zV/0E4EyYn43P7/7qvQwPh9BGkHewbMulVntbigmcT7rdX3BNo9wRJg=="
    },
    "utf8-bytes": {
      "version": "0.0.1",
      "resolved": "https://registry.npmjs.org/utf8-bytes/-/utf8-bytes-0.0.1.tgz",
      "integrity": "sha1-EWsCVEjJtQAIHN+/H01sbDfYg30="
    },
    "uuid": {
      "version": "3.4.0",
      "resolved": "https://registry.npmjs.org/uuid/-/uuid-3.4.0.tgz",
      "integrity": "sha512-HjSDRw6gZE5JMggctHBcjVak08+KEVhSIiDzFnT9S9aegmp85S/bReBVTb4QTFaRNptJ9kuYaNhnbNEOkbKb/A=="
    }
  }
}
